
Microsoft Visual Studio Solution File, Format Version 12.00
# Visual Studio 15
VisualStudioVersion = 15.0.28010.0
MinimumVisualStudioVersion = 10.0.40219.1
Project("{FAE04EC0-301F-11D3-BF4B-00C04F79EFBC}") = "ColorPickerDemo", "ColorPickerDemo\ColorPickerDemo.csproj", "{D2AEE076-83D6-4B96-B420-B6782CAA0E44}"
EndProject
Project("{FAE04EC0-301F-11D3-BF4B-00C04F79EFBC}") = "ColorPickerLib", "ColorPickerLib\ColorPickerLib.csproj", "{E64CE47C-10A6-490E-B1B1-84F00FD6C1D2}"
EndProject
Project("{2150E333-8FDC-42A3-9474-1A3956D46DE8}") = "MLibTest", "MLibTest", "{762EF7D1-DF7E-45C1-A5DB-A0B079A0933D}"
EndProject
Project("{2150E333-8FDC-42A3-9474-1A3956D46DE8}") = "Components", "Components", "{BBC3130A-38F7-4C77-894D-80E190235555}"
EndProject
Project("{FAE04EC0-301F-11D3-BF4B-00C04F79EFBC}") = "ServiceLocator", "MLibTest\Components\ServiceLocator\ServiceLocator.csproj", "{252126D1-E1D9-49C3-910B-FCF2266265EF}"
EndProject
Project("{FAE04EC0-301F-11D3-BF4B-00C04F79EFBC}") = "Settings", "MLibTest\Components\Settings\Settings\Settings.csproj", "{2807B493-CC2E-402E-901A-EB138698FEDC}"
EndProject
Project("{FAE04EC0-301F-11D3-BF4B-00C04F79EFBC}") = "SettingsModel", "MLibTest\Components\Settings\SettingsModel\SettingsModel.csproj", "{9B0BA841-5A2F-4ED3-A908-253DBCA70E77}"
EndProject
Project("{FAE04EC0-301F-11D3-BF4B-00C04F79EFBC}") = "ThemedDemo", "MLibTest\ThemedDemo\ThemedDemo.csproj", "{58BD0E02-6BFF-43F0-9B93-D3371E97794B}"
EndProject
Project("{FAE04EC0-301F-11D3-BF4B-00C04F79EFBC}") = "ColorPickerDemoLib", "ColorPickerDemoLib\ColorPickerDemoLib.csproj", "{6FB67EF1-8867-4C75-8C5D-3952A85C27DA}"
EndProject
Global
	GlobalSection(SolutionConfigurationPlatforms) = preSolution
		Debug|Any CPU = Debug|Any CPU
		Debug|x64 = Debug|x64
		Debug|x86 = Debug|x86
		Release|Any CPU = Release|Any CPU
		Release|x64 = Release|x64
		Release|x86 = Release|x86
	EndGlobalSection
	GlobalSection(ProjectConfigurationPlatforms) = postSolution
		{D2AEE076-83D6-4B96-B420-B6782CAA0E44}.Debug|Any CPU.ActiveCfg = Debug|Any CPU
		{D2AEE076-83D6-4B96-B420-B6782CAA0E44}.Debug|Any CPU.Build.0 = Debug|Any CPU
		{D2AEE076-83D6-4B96-B420-B6782CAA0E44}.Debug|x64.ActiveCfg = Debug|Any CPU
		{D2AEE076-83D6-4B96-B420-B6782CAA0E44}.Debug|x64.Build.0 = Debug|Any CPU
		{D2AEE076-83D6-4B96-B420-B6782CAA0E44}.Debug|x86.ActiveCfg = Debug|Any CPU
		{D2AEE076-83D6-4B96-B420-B6782CAA0E44}.Debug|x86.Build.0 = Debug|Any CPU
		{D2AEE076-83D6-4B96-B420-B6782CAA0E44}.Release|Any CPU.ActiveCfg = Release|Any CPU
		{D2AEE076-83D6-4B96-B420-B6782CAA0E44}.Release|Any CPU.Build.0 = Release|Any CPU
		{D2AEE076-83D6-4B96-B420-B6782CAA0E44}.Release|x64.ActiveCfg = Release|Any CPU
		{D2AEE076-83D6-4B96-B420-B6782CAA0E44}.Release|x64.Build.0 = Release|Any CPU
		{D2AEE076-83D6-4B96-B420-B6782CAA0E44}.Release|x86.ActiveCfg = Release|Any CPU
		{D2AEE076-83D6-4B96-B420-B6782CAA0E44}.Release|x86.Build.0 = Release|Any CPU
		{E64CE47C-10A6-490E-B1B1-84F00FD6C1D2}.Debug|Any CPU.ActiveCfg = Debug|Any CPU
		{E64CE47C-10A6-490E-B1B1-84F00FD6C1D2}.Debug|Any CPU.Build.0 = Debug|Any CPU
		{E64CE47C-10A6-490E-B1B1-84F00FD6C1D2}.Debug|x64.ActiveCfg = Debug|Any CPU
		{E64CE47C-10A6-490E-B1B1-84F00FD6C1D2}.Debug|x64.Build.0 = Debug|Any CPU
		{E64CE47C-10A6-490E-B1B1-84F00FD6C1D2}.Debug|x86.ActiveCfg = Debug|Any CPU
		{E64CE47C-10A6-490E-B1B1-84F00FD6C1D2}.Debug|x86.Build.0 = Debug|Any CPU
		{E64CE47C-10A6-490E-B1B1-84F00FD6C1D2}.Release|Any CPU.ActiveCfg = Release|Any CPU
		{E64CE47C-10A6-490E-B1B1-84F00FD6C1D2}.Release|Any CPU.Build.0 = Release|Any CPU
		{E64CE47C-10A6-490E-B1B1-84F00FD6C1D2}.Release|x64.ActiveCfg = Release|Any CPU
		{E64CE47C-10A6-490E-B1B1-84F00FD6C1D2}.Release|x64.Build.0 = Release|Any CPU
		{E64CE47C-10A6-490E-B1B1-84F00FD6C1D2}.Release|x86.ActiveCfg = Release|Any CPU
		{E64CE47C-10A6-490E-B1B1-84F00FD6C1D2}.Release|x86.Build.0 = Release|Any CPU
		{252126D1-E1D9-49C3-910B-FCF2266265EF}.Debug|Any CPU.ActiveCfg = Debug|Any CPU
		{252126D1-E1D9-49C3-910B-FCF2266265EF}.Debug|Any CPU.Build.0 = Debug|Any CPU
		{252126D1-E1D9-49C3-910B-FCF2266265EF}.Debug|x64.ActiveCfg = Debug|x64
		{252126D1-E1D9-49C3-910B-FCF2266265EF}.Debug|x64.Build.0 = Debug|x64
		{252126D1-E1D9-49C3-910B-FCF2266265EF}.Debug|x86.ActiveCfg = Debug|x86
		{252126D1-E1D9-49C3-910B-FCF2266265EF}.Debug|x86.Build.0 = Debug|x86
		{252126D1-E1D9-49C3-910B-FCF2266265EF}.Release|Any CPU.ActiveCfg = Release|Any CPU
		{252126D1-E1D9-49C3-910B-FCF2266265EF}.Release|Any CPU.Build.0 = Release|Any CPU
		{252126D1-E1D9-49C3-910B-FCF2266265EF}.Release|x64.ActiveCfg = Release|x64
		{252126D1-E1D9-49C3-910B-FCF2266265EF}.Release|x64.Build.0 = Release|x64
		{252126D1-E1D9-49C3-910B-FCF2266265EF}.Release|x86.ActiveCfg = Release|x86
		{252126D1-E1D9-49C3-910B-FCF2266265EF}.Release|x86.Build.0 = Release|x86
		{2807B493-CC2E-402E-901A-EB138698FEDC}.Debug|Any CPU.ActiveCfg = Debug|Any CPU
		{2807B493-CC2E-402E-901A-EB138698FEDC}.Debug|Any CPU.Build.0 = Debug|Any CPU
		{2807B493-CC2E-402E-901A-EB138698FEDC}.Debug|x64.ActiveCfg = Debug|x64
		{2807B493-CC2E-402E-901A-EB138698FEDC}.Debug|x64.Build.0 = Debug|x64
		{2807B493-CC2E-402E-901A-EB138698FEDC}.Debug|x86.ActiveCfg = Debug|x86
		{2807B493-CC2E-402E-901A-EB138698FEDC}.Debug|x86.Build.0 = Debug|x86
		{2807B493-CC2E-402E-901A-EB138698FEDC}.Release|Any CPU.ActiveCfg = Release|Any CPU
		{2807B493-CC2E-402E-901A-EB138698FEDC}.Release|Any CPU.Build.0 = Release|Any CPU
		{2807B493-CC2E-402E-901A-EB138698FEDC}.Release|x64.ActiveCfg = Release|x64
		{2807B493-CC2E-402E-901A-EB138698FEDC}.Release|x64.Build.0 = Release|x64
		{2807B493-CC2E-402E-901A-EB138698FEDC}.Release|x86.ActiveCfg = Release|x86
		{2807B493-CC2E-402E-901A-EB138698FEDC}.Release|x86.Build.0 = Release|x86
		{9B0BA841-5A2F-4ED3-A908-253DBCA70E77}.Debug|Any CPU.ActiveCfg = Debug|Any CPU
		{9B0BA841-5A2F-4ED3-A908-253DBCA70E77}.Debug|Any CPU.Build.0 = Debug|Any CPU
		{9B0BA841-5A2F-4ED3-A908-253DBCA70E77}.Debug|x64.ActiveCfg = Debug|x64
		{9B0BA841-5A2F-4ED3-A908-253DBCA70E77}.Debug|x64.Build.0 = Debug|x64
		{9B0BA841-5A2F-4ED3-A908-253DBCA70E77}.Debug|x86.ActiveCfg = Debug|x86
		{9B0BA841-5A2F-4ED3-A908-253DBCA70E77}.Debug|x86.Build.0 = Debug|x86
		{9B0BA841-5A2F-4ED3-A908-253DBCA70E77}.Release|Any CPU.ActiveCfg = Release|Any CPU
		{9B0BA841-5A2F-4ED3-A908-253DBCA70E77}.Release|Any CPU.Build.0 = Release|Any CPU
		{9B0BA841-5A2F-4ED3-A908-253DBCA70E77}.Release|x64.ActiveCfg = Release|x64
		{9B0BA841-5A2F-4ED3-A908-253DBCA70E77}.Release|x64.Build.0 = Release|x64
		{9B0BA841-5A2F-4ED3-A908-253DBCA70E77}.Release|x86.ActiveCfg = Release|x86
		{9B0BA841-5A2F-4ED3-A908-253DBCA70E77}.Release|x86.Build.0 = Release|x86
		{58BD0E02-6BFF-43F0-9B93-D3371E97794B}.Debug|Any CPU.ActiveCfg = Debug|Any CPU
		{58BD0E02-6BFF-43F0-9B93-D3371E97794B}.Debug|Any CPU.Build.0 = Debug|Any CPU
		{58BD0E02-6BFF-43F0-9B93-D3371E97794B}.Debug|x64.ActiveCfg = Debug|x64
		{58BD0E02-6BFF-43F0-9B93-D3371E97794B}.Debug|x64.Build.0 = Debug|x64
		{58BD0E02-6BFF-43F0-9B93-D3371E97794B}.Debug|x86.ActiveCfg = Debug|x86
		{58BD0E02-6BFF-43F0-9B93-D3371E97794B}.Debug|x86.Build.0 = Debug|x86
		{58BD0E02-6BFF-43F0-9B93-D3371E97794B}.Release|Any CPU.ActiveCfg = Release|Any CPU
		{58BD0E02-6BFF-43F0-9B93-D3371E97794B}.Release|Any CPU.Build.0 = Release|Any CPU
		{58BD0E02-6BFF-43F0-9B93-D3371E97794B}.Release|x64.ActiveCfg = Release|x64
		{58BD0E02-6BFF-43F0-9B93-D3371E97794B}.Release|x64.Build.0 = Release|x64
		{58BD0E02-6BFF-43F0-9B93-D3371E97794B}.Release|x86.ActiveCfg = Release|x86
		{58BD0E02-6BFF-43F0-9B93-D3371E97794B}.Release|x86.Build.0 = Release|x86
		{6FB67EF1-8867-4C75-8C5D-3952A85C27DA}.Debug|Any CPU.ActiveCfg = Debug|Any CPU
		{6FB67EF1-8867-4C75-8C5D-3952A85C27DA}.Debug|Any CPU.Build.0 = Debug|Any CPU
		{6FB67EF1-8867-4C75-8C5D-3952A85C27DA}.Debug|x64.ActiveCfg = Debug|Any CPU
		{6FB67EF1-8867-4C75-8C5D-3952A85C27DA}.Debug|x64.Build.0 = Debug|Any CPU
		{6FB67EF1-8867-4C75-8C5D-3952A85C27DA}.Debug|x86.ActiveCfg = Debug|Any CPU
		{6FB67EF1-8867-4C75-8C5D-3952A85C27DA}.Debug|x86.Build.0 = Debug|Any CPU
		{6FB67EF1-8867-4C75-8C5D-3952A85C27DA}.Release|Any CPU.ActiveCfg = Release|Any CPU
		{6FB67EF1-8867-4C75-8C5D-3952A85C27DA}.Release|Any CPU.Build.0 = Release|Any CPU
		{6FB67EF1-8867-4C75-8C5D-3952A85C27DA}.Release|x64.ActiveCfg = Release|Any CPU
		{6FB67EF1-8867-4C75-8C5D-3952A85C27DA}.Release|x64.Build.0 = Release|Any CPU
		{6FB67EF1-8867-4C75-8C5D-3952A85C27DA}.Release|x86.ActiveCfg = Release|Any CPU
		{6FB67EF1-8867-4C75-8C5D-3952A85C27DA}.Release|x86.Build.0 = Release|Any CPU
	EndGlobalSection
	GlobalSection(SolutionProperties) = preSolution
		HideSolutionNode = FALSE
	EndGlobalSection
	GlobalSection(NestedProjects) = preSolution
		{BBC3130A-38F7-4C77-894D-80E190235555} = {762EF7D1-DF7E-45C1-A5DB-A0B079A0933D}
		{252126D1-E1D9-49C3-910B-FCF2266265EF} = {BBC3130A-38F7-4C77-894D-80E190235555}
		{2807B493-CC2E-402E-901A-EB138698FEDC} = {BBC3130A-38F7-4C77-894D-80E190235555}
		{9B0BA841-5A2F-4ED3-A908-253DBCA70E77} = {BBC3130A-38F7-4C77-894D-80E190235555}
		{58BD0E02-6BFF-43F0-9B93-D3371E97794B} = {762EF7D1-DF7E-45C1-A5DB-A0B079A0933D}
	EndGlobalSection
	GlobalSection(ExtensibilityGlobals) = postSolution
		SolutionGuid = {252A71C1-55A1-4CB0-B01C-D0F7A7AD5531}
	EndGlobalSection
EndGlobal
